
Microsoft Visual Studio Solution File, Format Version 12.00
# Visual Studio 15
Project("{FAE04EC0-301F-11D3-BF4B-00C04F79EFBC}") = "Assembly-CSharp", "Assembly-CSharp.csproj", "{30770B09-A81F-953C-661D-DBF1EFDA6982}"
EndProject
Global
	GlobalSection(SolutionConfigurationPlatforms) = preSolution
		Debug|Any CPU = Debug|Any CPU
		Release|Any CPU = Release|Any CPU
	EndGlobalSection
	GlobalSection(ProjectConfigurationPlatforms) = postSolution
		{30770B09-A81F-953C-661D-DBF1EFDA6982}.Debug|Any CPU.ActiveCfg = Debug|Any CPU
		{30770B09-A81F-953C-661D-DBF1EFDA6982}.Debug|Any CPU.Build.0 = Debug|Any CPU
		{30770B09-A81F-953C-661D-DBF1EFDA6982}.Release|Any CPU.ActiveCfg = Release|Any CPU
		{30770B09-A81F-953C-661D-DBF1EFDA6982}.Release|Any CPU.Build.0 = Release|Any CPU
	EndGlobalSection
	GlobalSection(SolutionProperties) = preSolution
		HideSolutionNode = FALSE
	EndGlobalSection
EndGlobal
